{
  "name": "bfban",
  "version": "1.0.0",
  "lockfileVersion": 1,
  "requires": true,
  "dependencies": {
    "amdefine": {
      "version": "1.0.1",
      "resolved": "https://registry.npmjs.org/amdefine/-/amdefine-1.0.1.tgz",
      "integrity": "sha1-SlKCrBZHKek2Gbz9OtFR+BfOkfU="
    },
    "clean-css": {
      "version": "3.4.28",
      "resolved": "https://registry.npmjs.org/clean-css/-/clean-css-3.4.28.tgz",
      "integrity": "sha1-vxlF6C/ICPVWlebd6uwBQA79A/8=",
      "requires": {
        "commander": "2.8.x",
        "source-map": "0.4.x"
      }
    },
    "commander": {
      "version": "2.8.1",
      "resolved": "https://registry.npmjs.org/commander/-/commander-2.8.1.tgz",
      "integrity": "sha1-Br42f+v9oMMwqh4qBy09yXYkJdQ=",
      "requires": {
        "graceful-readlink": ">= 1.0.0"
      }
    },
    "dedent": {
      "version": "0.7.0",
      "resolved": "https://registry.npmjs.org/dedent/-/dedent-0.7.0.tgz",
      "integrity": "sha1-JJXduvbrh0q7Dhvp3yLS5aVEMmw="
    },
    "emoji-data-css": {
      "version": "1.0.1",
      "resolved": "https://registry.npmjs.org/emoji-data-css/-/emoji-data-css-1.0.1.tgz",
      "integrity": "sha1-T5W0g5S1hXHtMoSs+nCepRGHX48=",
      "requires": {
        "clean-css": "^3.4.20",
        "emoji-datasource": "^2.4.4"
      }
    },
    "emoji-datasource": {
      "version": "2.4.4",
      "resolved": "https://registry.npmjs.org/emoji-datasource/-/emoji-datasource-2.4.4.tgz",
      "integrity": "sha1-uXrBiWvCCOzxgzVkogaHpSFdA4k="
    },
    "fuse.js": {
      "version": "3.6.1",
      "resolved": "https://registry.npmjs.org/fuse.js/-/fuse.js-3.6.1.tgz",
      "integrity": "sha512-hT9yh/tiinkmirKrlv4KWOjztdoZo1mx9Qh4KvWqC7isoXwdUY3PNWUxceF4/qO9R6riA2C29jdTOeQOIROjgw=="
    },
    "graceful-readlink": {
      "version": "1.0.1",
      "resolved": "https://registry.npmjs.org/graceful-readlink/-/graceful-readlink-1.0.1.tgz",
      "integrity": "sha1-TK+tdrxi8C+gObL5Tpo906ORpyU="
    },
    "quill-emoji": {
      "version": "0.2.0",
      "resolved": "https://registry.npmjs.org/quill-emoji/-/quill-emoji-0.2.0.tgz",
      "integrity": "sha512-0kqHKTFA9hk1Vf5g32KBm/NYZal6n9N/ATmk13Hka/XYsgrEIaShSR84B5VMB7bg5o9+TMeIzc+wey5OP7hv+A==",
      "requires": {
        "emoji-data-css": "^1.0.1",
        "fuse.js": "^3.3.0"
      }
    },
    "quill-image-extend-module": {
      "version": "1.1.2",
      "resolved": "https://registry.npmjs.org/quill-image-extend-module/-/quill-image-extend-module-1.1.2.tgz",
      "integrity": "sha512-yHJWZWlTjNZzV34zuT4H55ttDwMxmVJ7JUgKnt/Wd3ejUNcaPOV57/sKG8VEMU5mL7bKZPIKmBdb3weM0M5UeA=="
    },
    "source-map": {
      "version": "0.4.4",
      "resolved": "https://registry.npmjs.org/source-map/-/source-map-0.4.4.tgz",
      "integrity": "sha1-66T12pwNyZneaAMti092FzZSA2s=",
      "requires": {
        "amdefine": ">=0.0.4"
      }
    }
  }
}
