{
  "name": "bfban",
  "version": "1.0.0",
  "lockfileVersion": 2,
  "requires": true,
  "packages": {
    "": {
      "name": "bfban",
      "version": "1.0.0",
      "dependencies": {
        "dedent": "^0.7.0",
        "quill-emoji": "^0.2.0",
        "quill-image-extend-module": "^1.1.2"
      },
      "devDependencies": {
        "axios": "^0.25.0"
      }
    },
    "node_modules/amdefine": {
      "version": "1.0.1",
      "resolved": "https://registry.npmjs.org/amdefine/-/amdefine-1.0.1.tgz",
      "integrity": "sha1-SlKCrBZHKek2Gbz9OtFR+BfOkfU=",
      "engines": {
        "node": ">=0.4.2"
      }
    },
    "node_modules/axios": {
      "version": "0.25.0",
      "resolved": "https://registry.npmjs.org/axios/-/axios-0.25.0.tgz",
      "integrity": "sha512-cD8FOb0tRH3uuEe6+evtAbgJtfxr7ly3fQjYcMcuPlgkwVS9xboaVIpcDV+cYQe+yGykgwZCs1pzjntcGa6l5g==",
      "dev": true,
      "dependencies": {
        "follow-redirects": "^1.14.7"
      }
    },
    "node_modules/clean-css": {
      "version": "3.4.28",
      "resolved": "https://registry.npmjs.org/clean-css/-/clean-css-3.4.28.tgz",
      "integrity": "sha1-vxlF6C/ICPVWlebd6uwBQA79A/8=",
      "dependencies": {
        "commander": "2.8.x",
        "source-map": "0.4.x"
      },
      "bin": {
        "cleancss": "bin/cleancss"
      },
      "engines": {
        "node": ">=0.10.0"
      }
    },
    "node_modules/commander": {
      "version": "2.8.1",
      "resolved": "https://registry.npmjs.org/commander/-/commander-2.8.1.tgz",
      "integrity": "sha1-Br42f+v9oMMwqh4qBy09yXYkJdQ=",
      "dependencies": {
        "graceful-readlink": ">= 1.0.0"
      },
      "engines": {
        "node": ">= 0.6.x"
      }
    },
    "node_modules/dedent": {
      "version": "0.7.0",
      "resolved": "https://registry.npmjs.org/dedent/-/dedent-0.7.0.tgz",
      "integrity": "sha1-JJXduvbrh0q7Dhvp3yLS5aVEMmw="
    },
    "node_modules/emoji-data-css": {
      "version": "1.0.1",
      "resolved": "https://registry.npmjs.org/emoji-data-css/-/emoji-data-css-1.0.1.tgz",
      "integrity": "sha1-T5W0g5S1hXHtMoSs+nCepRGHX48=",
      "dependencies": {
        "clean-css": "^3.4.20",
        "emoji-datasource": "^2.4.4"
      }
    },
    "node_modules/emoji-datasource": {
      "version": "2.4.4",
      "resolved": "https://registry.npmjs.org/emoji-datasource/-/emoji-datasource-2.4.4.tgz",
      "integrity": "sha1-uXrBiWvCCOzxgzVkogaHpSFdA4k="
    },
    "node_modules/follow-redirects": {
      "version": "1.14.7",
      "resolved": "https://registry.npmjs.org/follow-redirects/-/follow-redirects-1.14.7.tgz",
      "integrity": "sha512-+hbxoLbFMbRKDwohX8GkTataGqO6Jb7jGwpAlwgy2bIz25XtRm7KEzJM76R1WiNT5SwZkX4Y75SwBolkpmE7iQ==",
      "dev": true,
      "funding": [
        {
          "type": "individual",
          "url": "https://github.com/sponsors/RubenVerborgh"
        }
      ],
      "engines": {
        "node": ">=4.0"
      },
      "peerDependenciesMeta": {
        "debug": {
          "optional": true
        }
      }
    },
    "node_modules/fuse.js": {
      "version": "3.6.1",
      "resolved": "https://registry.npmjs.org/fuse.js/-/fuse.js-3.6.1.tgz",
      "integrity": "sha512-hT9yh/tiinkmirKrlv4KWOjztdoZo1mx9Qh4KvWqC7isoXwdUY3PNWUxceF4/qO9R6riA2C29jdTOeQOIROjgw==",
      "engines": {
        "node": ">=6"
      }
    },
    "node_modules/graceful-readlink": {
      "version": "1.0.1",
      "resolved": "https://registry.npmjs.org/graceful-readlink/-/graceful-readlink-1.0.1.tgz",
      "integrity": "sha1-TK+tdrxi8C+gObL5Tpo906ORpyU="
    },
    "node_modules/quill-emoji": {
      "version": "0.2.0",
      "resolved": "https://registry.npmjs.org/quill-emoji/-/quill-emoji-0.2.0.tgz",
      "integrity": "sha512-0kqHKTFA9hk1Vf5g32KBm/NYZal6n9N/ATmk13Hka/XYsgrEIaShSR84B5VMB7bg5o9+TMeIzc+wey5OP7hv+A==",
      "dependencies": {
        "emoji-data-css": "^1.0.1",
        "fuse.js": "^3.3.0"
      },
      "peerDependencies": {
        "quill": "^1.3.5"
      }
    },
    "node_modules/quill-image-extend-module": {
      "version": "1.1.2",
      "resolved": "https://registry.npmjs.org/quill-image-extend-module/-/quill-image-extend-module-1.1.2.tgz",
      "integrity": "sha512-yHJWZWlTjNZzV34zuT4H55ttDwMxmVJ7JUgKnt/Wd3ejUNcaPOV57/sKG8VEMU5mL7bKZPIKmBdb3weM0M5UeA=="
    },
    "node_modules/source-map": {
      "version": "0.4.4",
      "resolved": "https://registry.npmjs.org/source-map/-/source-map-0.4.4.tgz",
      "integrity": "sha1-66T12pwNyZneaAMti092FzZSA2s=",
      "dependencies": {
        "amdefine": ">=0.0.4"
      },
      "engines": {
        "node": ">=0.8.0"
      }
    }
  },
  "dependencies": {
    "amdefine": {
      "version": "1.0.1",
      "resolved": "https://registry.npmjs.org/amdefine/-/amdefine-1.0.1.tgz",
      "integrity": "sha1-SlKCrBZHKek2Gbz9OtFR+BfOkfU="
    },
    "axios": {
      "version": "0.25.0",
      "resolved": "https://registry.npmjs.org/axios/-/axios-0.25.0.tgz",
      "integrity": "sha512-cD8FOb0tRH3uuEe6+evtAbgJtfxr7ly3fQjYcMcuPlgkwVS9xboaVIpcDV+cYQe+yGykgwZCs1pzjntcGa6l5g==",
      "dev": true,
      "requires": {
        "follow-redirects": "^1.14.7"
      }
    },
    "clean-css": {
      "version": "3.4.28",
      "resolved": "https://registry.npmjs.org/clean-css/-/clean-css-3.4.28.tgz",
      "integrity": "sha1-vxlF6C/ICPVWlebd6uwBQA79A/8=",
      "requires": {
        "commander": "2.8.x",
        "source-map": "0.4.x"
      }
    },
    "commander": {
      "version": "2.8.1",
      "resolved": "https://registry.npmjs.org/commander/-/commander-2.8.1.tgz",
      "integrity": "sha1-Br42f+v9oMMwqh4qBy09yXYkJdQ=",
      "requires": {
        "graceful-readlink": ">= 1.0.0"
      }
    },
    "dedent": {
      "version": "0.7.0",
      "resolved": "https://registry.npmjs.org/dedent/-/dedent-0.7.0.tgz",
      "integrity": "sha1-JJXduvbrh0q7Dhvp3yLS5aVEMmw="
    },
    "emoji-data-css": {
      "version": "1.0.1",
      "resolved": "https://registry.npmjs.org/emoji-data-css/-/emoji-data-css-1.0.1.tgz",
      "integrity": "sha1-T5W0g5S1hXHtMoSs+nCepRGHX48=",
      "requires": {
        "clean-css": "^3.4.20",
        "emoji-datasource": "^2.4.4"
      }
    },
    "emoji-datasource": {
      "version": "2.4.4",
      "resolved": "https://registry.npmjs.org/emoji-datasource/-/emoji-datasource-2.4.4.tgz",
      "integrity": "sha1-uXrBiWvCCOzxgzVkogaHpSFdA4k="
    },
    "follow-redirects": {
      "version": "1.14.7",
      "resolved": "https://registry.npmjs.org/follow-redirects/-/follow-redirects-1.14.7.tgz",
      "integrity": "sha512-+hbxoLbFMbRKDwohX8GkTataGqO6Jb7jGwpAlwgy2bIz25XtRm7KEzJM76R1WiNT5SwZkX4Y75SwBolkpmE7iQ==",
      "dev": true
    },
    "fuse.js": {
      "version": "3.6.1",
      "resolved": "https://registry.npmjs.org/fuse.js/-/fuse.js-3.6.1.tgz",
      "integrity": "sha512-hT9yh/tiinkmirKrlv4KWOjztdoZo1mx9Qh4KvWqC7isoXwdUY3PNWUxceF4/qO9R6riA2C29jdTOeQOIROjgw=="
    },
    "graceful-readlink": {
      "version": "1.0.1",
      "resolved": "https://registry.npmjs.org/graceful-readlink/-/graceful-readlink-1.0.1.tgz",
      "integrity": "sha1-TK+tdrxi8C+gObL5Tpo906ORpyU="
    },
    "quill-emoji": {
      "version": "0.2.0",
      "resolved": "https://registry.npmjs.org/quill-emoji/-/quill-emoji-0.2.0.tgz",
      "integrity": "sha512-0kqHKTFA9hk1Vf5g32KBm/NYZal6n9N/ATmk13Hka/XYsgrEIaShSR84B5VMB7bg5o9+TMeIzc+wey5OP7hv+A==",
      "requires": {
        "emoji-data-css": "^1.0.1",
        "fuse.js": "^3.3.0"
      }
    },
    "quill-image-extend-module": {
      "version": "1.1.2",
      "resolved": "https://registry.npmjs.org/quill-image-extend-module/-/quill-image-extend-module-1.1.2.tgz",
      "integrity": "sha512-yHJWZWlTjNZzV34zuT4H55ttDwMxmVJ7JUgKnt/Wd3ejUNcaPOV57/sKG8VEMU5mL7bKZPIKmBdb3weM0M5UeA=="
    },
    "source-map": {
      "version": "0.4.4",
      "resolved": "https://registry.npmjs.org/source-map/-/source-map-0.4.4.tgz",
      "integrity": "sha1-66T12pwNyZneaAMti092FzZSA2s=",
      "requires": {
        "amdefine": ">=0.0.4"
      }
    }
  }
}
